# THIS IS AN AUTOGENERATED FILE. DO NOT EDIT THIS FILE DIRECTLY.
# yarn lockfile v1


badgen@^3.2.2:
  version "3.2.2"
  resolved "https://registry.yarnpkg.com/badgen/-/badgen-3.2.2.tgz#7556b520055c4952ee46229c57d7a1cc71a85748"
  integrity sha512-MfBNhOzp+qbTg/3BAeaK1g+VE3uZ0CRfqMyrfyI3JUBz7b+DwxrZbYQdz5JQnibRih9YOVzXuVJl3A3xaWXfFQ==
